
Microsoft Visual Studio Solution File, Format Version 12.00
# Visual Studio Version 17
VisualStudioVersion = 17.9.34728.123
MinimumVisualStudioVersion = 10.0.40219.1
Project("{2150E333-8FDC-42A3-9474-1A3956D46DE8}") = "02 FrontEnd", "02 FrontEnd", "{6ECA16AB-844E-4138-9E25-9BDF02BC498F}"
EndProject
Project("{2150E333-8FDC-42A3-9474-1A3956D46DE8}") = "03 Transversal", "03 Transversal", "{B0BD60E3-DA26-4EFB-9AA5-2E0C1DF9D26F}"
EndProject
Project("{2150E333-8FDC-42A3-9474-1A3956D46DE8}") = "01 BackEnd", "01 BackEnd", "{A67388BF-3DBB-4AA1-9033-55452B9429D7}"
EndProject
Project("{FAE04EC0-301F-11D3-BF4B-00C04F79EFBC}") = "ABB.Catalogo.AccesoDatos", "ABB.Catalogo.AccesoDatos\ABB.Catalogo.AccesoDatos.csproj", "{9DD972A5-12C0-44CB-B570-DB7C3A408803}"
EndProject
Project("{FAE04EC0-301F-11D3-BF4B-00C04F79EFBC}") = "ABB.Catalogo.ClientWeb", "ABB.Catalogo.ClientWeb\ABB.Catalogo.ClientWeb.csproj", "{FF3CA0C6-3C61-4A59-BEB0-51BF759BBB2F}"
EndProject
Project("{FAE04EC0-301F-11D3-BF4B-00C04F79EFBC}") = "ABB.Catalogo.LogicaNegocio", "ABB.Catalogo.LogicaNegocio\ABB.Catalogo.LogicaNegocio.csproj", "{AB7FAC91-010E-405D-9887-E5E9EA6D4DD2}"
EndProject
Project("{FAE04EC0-301F-11D3-BF4B-00C04F79EFBC}") = "ABB.Catalogo.Entidades", "ABB.Catalogo.Entidades\ABB.Catalogo.Entidades.csproj", "{EEE004F0-D752-419D-B523-CE2C9EB78F22}"
EndProject
Project("{FAE04EC0-301F-11D3-BF4B-00C04F79EFBC}") = "ABB.Catalogo.Utiles", "ABB.Catalogo.Utiles\ABB.Catalogo.Utiles.csproj", "{3DD19C29-839C-4B79-89CE-F05F29EB3D9A}"
EndProject
Project("{FAE04EC0-301F-11D3-BF4B-00C04F79EFBC}") = "ABB.Catalogo.UtilesWeb", "ABB.Catalogo.UtilesWeb\ABB.Catalogo.UtilesWeb.csproj", "{55678B6D-3421-416C-B169-082B4E9FFFB9}"
EndProject
Project("{FAE04EC0-301F-11D3-BF4B-00C04F79EFBC}") = "WebServicesAbb", "WebServicesAbb\WebServicesAbb.csproj", "{1260096F-4BD9-4487-A6B2-771CFBF23580}"
EndProject
Global
	GlobalSection(SolutionConfigurationPlatforms) = preSolution
		Debug|Any CPU = Debug|Any CPU
		Release|Any CPU = Release|Any CPU
	EndGlobalSection
	GlobalSection(ProjectConfigurationPlatforms) = postSolution
		{9DD972A5-12C0-44CB-B570-DB7C3A408803}.Debug|Any CPU.ActiveCfg = Debug|Any CPU
		{9DD972A5-12C0-44CB-B570-DB7C3A408803}.Debug|Any CPU.Build.0 = Debug|Any CPU
		{9DD972A5-12C0-44CB-B570-DB7C3A408803}.Release|Any CPU.ActiveCfg = Release|Any CPU
		{9DD972A5-12C0-44CB-B570-DB7C3A408803}.Release|Any CPU.Build.0 = Release|Any CPU
		{FF3CA0C6-3C61-4A59-BEB0-51BF759BBB2F}.Debug|Any CPU.ActiveCfg = Debug|Any CPU
		{FF3CA0C6-3C61-4A59-BEB0-51BF759BBB2F}.Debug|Any CPU.Build.0 = Debug|Any CPU
		{FF3CA0C6-3C61-4A59-BEB0-51BF759BBB2F}.Release|Any CPU.ActiveCfg = Release|Any CPU
		{FF3CA0C6-3C61-4A59-BEB0-51BF759BBB2F}.Release|Any CPU.Build.0 = Release|Any CPU
		{AB7FAC91-010E-405D-9887-E5E9EA6D4DD2}.Debug|Any CPU.ActiveCfg = Debug|Any CPU
		{AB7FAC91-010E-405D-9887-E5E9EA6D4DD2}.Debug|Any CPU.Build.0 = Debug|Any CPU
		{AB7FAC91-010E-405D-9887-E5E9EA6D4DD2}.Release|Any CPU.ActiveCfg = Release|Any CPU
		{AB7FAC91-010E-405D-9887-E5E9EA6D4DD2}.Release|Any CPU.Build.0 = Release|Any CPU
		{EEE004F0-D752-419D-B523-CE2C9EB78F22}.Debug|Any CPU.ActiveCfg = Debug|Any CPU
		{EEE004F0-D752-419D-B523-CE2C9EB78F22}.Debug|Any CPU.Build.0 = Debug|Any CPU
		{EEE004F0-D752-419D-B523-CE2C9EB78F22}.Release|Any CPU.ActiveCfg = Release|Any CPU
		{EEE004F0-D752-419D-B523-CE2C9EB78F22}.Release|Any CPU.Build.0 = Release|Any CPU
		{3DD19C29-839C-4B79-89CE-F05F29EB3D9A}.Debug|Any CPU.ActiveCfg = Debug|Any CPU
		{3DD19C29-839C-4B79-89CE-F05F29EB3D9A}.Debug|Any CPU.Build.0 = Debug|Any CPU
		{3DD19C29-839C-4B79-89CE-F05F29EB3D9A}.Release|Any CPU.ActiveCfg = Release|Any CPU
		{3DD19C29-839C-4B79-89CE-F05F29EB3D9A}.Release|Any CPU.Build.0 = Release|Any CPU
		{55678B6D-3421-416C-B169-082B4E9FFFB9}.Debug|Any CPU.ActiveCfg = Debug|Any CPU
		{55678B6D-3421-416C-B169-082B4E9FFFB9}.Debug|Any CPU.Build.0 = Debug|Any CPU
		{55678B6D-3421-416C-B169-082B4E9FFFB9}.Release|Any CPU.ActiveCfg = Release|Any CPU
		{55678B6D-3421-416C-B169-082B4E9FFFB9}.Release|Any CPU.Build.0 = Release|Any CPU
		{1260096F-4BD9-4487-A6B2-771CFBF23580}.Debug|Any CPU.ActiveCfg = Debug|Any CPU
		{1260096F-4BD9-4487-A6B2-771CFBF23580}.Debug|Any CPU.Build.0 = Debug|Any CPU
		{1260096F-4BD9-4487-A6B2-771CFBF23580}.Release|Any CPU.ActiveCfg = Release|Any CPU
		{1260096F-4BD9-4487-A6B2-771CFBF23580}.Release|Any CPU.Build.0 = Release|Any CPU
	EndGlobalSection
	GlobalSection(SolutionProperties) = preSolution
		HideSolutionNode = FALSE
	EndGlobalSection
	GlobalSection(NestedProjects) = preSolution
		{9DD972A5-12C0-44CB-B570-DB7C3A408803} = {A67388BF-3DBB-4AA1-9033-55452B9429D7}
		{FF3CA0C6-3C61-4A59-BEB0-51BF759BBB2F} = {6ECA16AB-844E-4138-9E25-9BDF02BC498F}
		{AB7FAC91-010E-405D-9887-E5E9EA6D4DD2} = {A67388BF-3DBB-4AA1-9033-55452B9429D7}
		{EEE004F0-D752-419D-B523-CE2C9EB78F22} = {B0BD60E3-DA26-4EFB-9AA5-2E0C1DF9D26F}
		{3DD19C29-839C-4B79-89CE-F05F29EB3D9A} = {B0BD60E3-DA26-4EFB-9AA5-2E0C1DF9D26F}
		{55678B6D-3421-416C-B169-082B4E9FFFB9} = {B0BD60E3-DA26-4EFB-9AA5-2E0C1DF9D26F}
	EndGlobalSection
	GlobalSection(ExtensibilityGlobals) = postSolution
		SolutionGuid = {A893F78F-EDB1-43C5-A8FB-C61CF3E93373}
	EndGlobalSection
EndGlobal
